
Microsoft Visual Studio Solution File, Format Version 12.00
# Visual Studio Version 17
VisualStudioVersion = 17.0.32126.317
MinimumVisualStudioVersion = 10.0.40219.1
Project("{FAE04EC0-301F-11D3-BF4B-00C04F79EFBC}") = "app-code", "app-code.csproj", "{B532787F-70AE-4C47-B9F1-3D1F94FD8CDA}"
EndProject
Global
	GlobalSection(SolutionConfigurationPlatforms) = preSolution
		Debug|Any CPU = Debug|Any CPU
		Release|Any CPU = Release|Any CPU
	EndGlobalSection
	GlobalSection(ProjectConfigurationPlatforms) = postSolution
		{B532787F-70AE-4C47-B9F1-3D1F94FD8CDA}.Debug|Any CPU.ActiveCfg = Debug|Any CPU
		{B532787F-70AE-4C47-B9F1-3D1F94FD8CDA}.Debug|Any CPU.Build.0 = Debug|Any CPU
		{B532787F-70AE-4C47-B9F1-3D1F94FD8CDA}.Release|Any CPU.ActiveCfg = Release|Any CPU
		{B532787F-70AE-4C47-B9F1-3D1F94FD8CDA}.Release|Any CPU.Build.0 = Release|Any CPU
	EndGlobalSection
	GlobalSection(SolutionProperties) = preSolution
		HideSolutionNode = FALSE
	EndGlobalSection
	GlobalSection(ExtensibilityGlobals) = postSolution
		SolutionGuid = {8B57CF64-7BC4-4B07-A209-BEEACB20F7BD}
	EndGlobalSection
EndGlobal
